
Microsoft Visual Studio Solution File, Format Version 12.00
# Visual Studio 15
VisualStudioVersion = 15.0.27004.2005
MinimumVisualStudioVersion = 10.0.40219.1
Project("{FAE04EC0-301F-11D3-BF4B-00C04F79EFBC}") = "WPFInsideWinforms", "WPFInsideWinforms\WPFInsideWinforms.csproj", "{48A60234-4399-43F7-A2E9-34AB7425EED7}"
EndProject
Project("{FAE04EC0-301F-11D3-BF4B-00C04F79EFBC}") = "NavLibWPFExample", "..\..\..\_active_coding_projects\NavLibWPFExample\NavLibWPFExample\NavLibWPFExample\NavLibWPFExample.csproj", "{E05C2A74-E3C1-4807-AAEB-5F27396CBF45}"
EndProject
Global
	GlobalSection(SolutionConfigurationPlatforms) = preSolution
		Debug|Any CPU = Debug|Any CPU
		Release|Any CPU = Release|Any CPU
	EndGlobalSection
	GlobalSection(ProjectConfigurationPlatforms) = postSolution
		{48A60234-4399-43F7-A2E9-34AB7425EED7}.Debug|Any CPU.ActiveCfg = Debug|Any CPU
		{48A60234-4399-43F7-A2E9-34AB7425EED7}.Debug|Any CPU.Build.0 = Debug|Any CPU
		{48A60234-4399-43F7-A2E9-34AB7425EED7}.Release|Any CPU.ActiveCfg = Release|Any CPU
		{48A60234-4399-43F7-A2E9-34AB7425EED7}.Release|Any CPU.Build.0 = Release|Any CPU
		{E05C2A74-E3C1-4807-AAEB-5F27396CBF45}.Debug|Any CPU.ActiveCfg = Debug|Any CPU
		{E05C2A74-E3C1-4807-AAEB-5F27396CBF45}.Debug|Any CPU.Build.0 = Debug|Any CPU
		{E05C2A74-E3C1-4807-AAEB-5F27396CBF45}.Release|Any CPU.ActiveCfg = Release|Any CPU
		{E05C2A74-E3C1-4807-AAEB-5F27396CBF45}.Release|Any CPU.Build.0 = Release|Any CPU
	EndGlobalSection
	GlobalSection(SolutionProperties) = preSolution
		HideSolutionNode = FALSE
	EndGlobalSection
	GlobalSection(ExtensibilityGlobals) = postSolution
		SolutionGuid = {A235F51A-D36A-4F85-9789-2377CC5D3A88}
	EndGlobalSection
EndGlobal
