
Microsoft Visual Studio Solution File, Format Version 12.00
# Visual Studio 15
VisualStudioVersion = 15.0.27004.2005
MinimumVisualStudioVersion = 10.0.40219.1
Project("{FAE04EC0-301F-11D3-BF4B-00C04F79EFBC}") = "RealTimeDataBaseTestAreaConsole", "RealTimeDataBaseTestAreaConsole\RealTimeDataBaseTestAreaConsole.csproj", "{E042538C-8E51-4BD3-977E-450896AF7BFE}"
EndProject
Global
	GlobalSection(SolutionConfigurationPlatforms) = preSolution
		Debug|Any CPU = Debug|Any CPU
		Release|Any CPU = Release|Any CPU
	EndGlobalSection
	GlobalSection(ProjectConfigurationPlatforms) = postSolution
		{E042538C-8E51-4BD3-977E-450896AF7BFE}.Debug|Any CPU.ActiveCfg = Debug|Any CPU
		{E042538C-8E51-4BD3-977E-450896AF7BFE}.Debug|Any CPU.Build.0 = Debug|Any CPU
		{E042538C-8E51-4BD3-977E-450896AF7BFE}.Release|Any CPU.ActiveCfg = Release|Any CPU
		{E042538C-8E51-4BD3-977E-450896AF7BFE}.Release|Any CPU.Build.0 = Release|Any CPU
	EndGlobalSection
	GlobalSection(SolutionProperties) = preSolution
		HideSolutionNode = FALSE
	EndGlobalSection
	GlobalSection(ExtensibilityGlobals) = postSolution
		SolutionGuid = {8F0C67B4-A742-45D8-82D9-1F4ADE48B5BC}
	EndGlobalSection
EndGlobal
