
Microsoft Visual Studio Solution File, Format Version 12.00
# Visual Studio 15
VisualStudioVersion = 15.0.27004.2005
MinimumVisualStudioVersion = 10.0.40219.1
Project("{FAE04EC0-301F-11D3-BF4B-00C04F79EFBC}") = "WPFPractice", "WPFPractice\WPFPractice.csproj", "{D46F6F28-B1C0-4D73-8704-4722292FC4B8}"
EndProject
Project("{FAE04EC0-301F-11D3-BF4B-00C04F79EFBC}") = "ExpanderTest", "ExpanderTest\ExpanderTest.csproj", "{6E634634-7590-46F5-89F9-31B041BF5878}"
EndProject
Project("{FAE04EC0-301F-11D3-BF4B-00C04F79EFBC}") = "PropertyChangedTest", "PropertyChangedTest\PropertyChangedTest.csproj", "{99D99A27-490D-47DD-A74D-3E3203021C37}"
EndProject
Global
	GlobalSection(SolutionConfigurationPlatforms) = preSolution
		Debug|Any CPU = Debug|Any CPU
		Release|Any CPU = Release|Any CPU
	EndGlobalSection
	GlobalSection(ProjectConfigurationPlatforms) = postSolution
		{D46F6F28-B1C0-4D73-8704-4722292FC4B8}.Debug|Any CPU.ActiveCfg = Debug|Any CPU
		{D46F6F28-B1C0-4D73-8704-4722292FC4B8}.Debug|Any CPU.Build.0 = Debug|Any CPU
		{D46F6F28-B1C0-4D73-8704-4722292FC4B8}.Release|Any CPU.ActiveCfg = Release|Any CPU
		{D46F6F28-B1C0-4D73-8704-4722292FC4B8}.Release|Any CPU.Build.0 = Release|Any CPU
		{6E634634-7590-46F5-89F9-31B041BF5878}.Debug|Any CPU.ActiveCfg = Debug|Any CPU
		{6E634634-7590-46F5-89F9-31B041BF5878}.Debug|Any CPU.Build.0 = Debug|Any CPU
		{6E634634-7590-46F5-89F9-31B041BF5878}.Release|Any CPU.ActiveCfg = Release|Any CPU
		{6E634634-7590-46F5-89F9-31B041BF5878}.Release|Any CPU.Build.0 = Release|Any CPU
		{99D99A27-490D-47DD-A74D-3E3203021C37}.Debug|Any CPU.ActiveCfg = Debug|Any CPU
		{99D99A27-490D-47DD-A74D-3E3203021C37}.Debug|Any CPU.Build.0 = Debug|Any CPU
		{99D99A27-490D-47DD-A74D-3E3203021C37}.Release|Any CPU.ActiveCfg = Release|Any CPU
		{99D99A27-490D-47DD-A74D-3E3203021C37}.Release|Any CPU.Build.0 = Release|Any CPU
	EndGlobalSection
	GlobalSection(SolutionProperties) = preSolution
		HideSolutionNode = FALSE
	EndGlobalSection
	GlobalSection(ExtensibilityGlobals) = postSolution
		SolutionGuid = {48DC16F0-0F3E-4F4A-835D-8E094AAB8D4C}
	EndGlobalSection
EndGlobal
